// !$*UTF8*$!
{
	archiveVersion = 1;
	classes = {
	};
	objectVersion = 56;
	objects = {

/* Begin PBXBuildFile section */
		84AD3DFA2A9DDCFC0043ED08 /* AppDelegate.swift in Sources */ = {isa = PBXBuildFile; fileRef = 84AD3DF92A9DDCFC0043ED08 /* AppDelegate.swift */; };
		84AD3DFC2A9DDCFC0043ED08 /* SceneDelegate.swift in Sources */ = {isa = PBXBuildFile; fileRef = 84AD3DFB2A9DDCFC0043ED08 /* SceneDelegate.swift */; };
		84AD3DFE2A9DDCFC0043ED08 /* GuideListViewController.swift in Sources */ = {isa = PBXBuildFile; fileRef = 84AD3DFD2A9DDCFC0043ED08 /* GuideListViewController.swift */; };
		84AD3E012A9DDCFC0043ED08 /* Main.storyboard in Resources */ = {isa = PBXBuildFile; fileRef = 84AD3DFF2A9DDCFC0043ED08 /* Main.storyboard */; };
		84AD3E042A9DDCFC0043ED08 /* GuideService.xcdatamodeld in Sources */ = {isa = PBXBuildFile; fileRef = 84AD3E022A9DDCFC0043ED08 /* GuideService.xcdatamodeld */; };
		84AD3E062A9DDCFE0043ED08 /* Assets.xcassets in Resources */ = {isa = PBXBuildFile; fileRef = 84AD3E052A9DDCFE0043ED08 /* Assets.xcassets */; };
		84AD3E092A9DDCFE0043ED08 /* LaunchScreen.storyboard in Resources */ = {isa = PBXBuildFile; fileRef = 84AD3E072A9DDCFE0043ED08 /* LaunchScreen.storyboard */; };
		84AD3E112A9DDE090043ED08 /* GuideDetailViewController.swift in Sources */ = {isa = PBXBuildFile; fileRef = 84AD3E102A9DDE090043ED08 /* GuideDetailViewController.swift */; };
		84AD3E132A9DDE420043ED08 /* AppCoordinator.swift in Sources */ = {isa = PBXBuildFile; fileRef = 84AD3E122A9DDE420043ED08 /* AppCoordinator.swift */; };
		84AD3E152A9DDE7B0043ED08 /* AppFactory.swift in Sources */ = {isa = PBXBuildFile; fileRef = 84AD3E142A9DDE7B0043ED08 /* AppFactory.swift */; };
		84AD3E172A9DDEFB0043ED08 /* Module.swift in Sources */ = {isa = PBXBuildFile; fileRef = 84AD3E162A9DDEFB0043ED08 /* Module.swift */; };
		84AD3E192A9DDFB80043ED08 /* GuideViewModel.swift in Sources */ = {isa = PBXBuildFile; fileRef = 84AD3E182A9DDFB80043ED08 /* GuideViewModel.swift */; };
		84AD3E1B2A9DE01B0043ED08 /* NetworkManager.swift in Sources */ = {isa = PBXBuildFile; fileRef = 84AD3E1A2A9DE01B0043ED08 /* NetworkManager.swift */; };
		84AD3E1D2A9DE0810043ED08 /* Coordinatable.swift in Sources */ = {isa = PBXBuildFile; fileRef = 84AD3E1C2A9DE0810043ED08 /* Coordinatable.swift */; };
		84AD3E212A9DE1D00043ED08 /* GuideCoordinator.swift in Sources */ = {isa = PBXBuildFile; fileRef = 84AD3E202A9DE1D00043ED08 /* GuideCoordinator.swift */; };
		84AD3E242A9DE5F50043ED08 /* GuideListCollectionViewCell.swift in Sources */ = {isa = PBXBuildFile; fileRef = 84AD3E232A9DE5F50043ED08 /* GuideListCollectionViewCell.swift */; };
		84AD3E262A9DED6C0043ED08 /* NetworkModel.swift in Sources */ = {isa = PBXBuildFile; fileRef = 84AD3E252A9DED6C0043ED08 /* NetworkModel.swift */; };
		84AD3E292A9DF1160043ED08 /* UIimageView+Extension.swift in Sources */ = {isa = PBXBuildFile; fileRef = 84AD3E282A9DF1160043ED08 /* UIimageView+Extension.swift */; };
		84AD3E2B2A9E04420043ED08 /* Errors.swift in Sources */ = {isa = PBXBuildFile; fileRef = 84AD3E2A2A9E04420043ED08 /* Errors.swift */; };
		84AD3E2E2A9E06AF0043ED08 /* UIViewController+Extension.swift in Sources */ = {isa = PBXBuildFile; fileRef = 84AD3E2D2A9E06AF0043ED08 /* UIViewController+Extension.swift */; };
/* End PBXBuildFile section */

/* Begin PBXFileReference section */
		84AD3DF62A9DDCFC0043ED08 /* GuideService.app */ = {isa = PBXFileReference; explicitFileType = wrapper.application; includeInIndex = 0; path = GuideService.app; sourceTree = BUILT_PRODUCTS_DIR; };
		84AD3DF92A9DDCFC0043ED08 /* AppDelegate.swift */ = {isa = PBXFileReference; lastKnownFileType = sourcecode.swift; path = AppDelegate.swift; sourceTree = "<group>"; };
		84AD3DFB2A9DDCFC0043ED08 /* SceneDelegate.swift */ = {isa = PBXFileReference; lastKnownFileType = sourcecode.swift; path = SceneDelegate.swift; sourceTree = "<group>"; };
		84AD3DFD2A9DDCFC0043ED08 /* GuideListViewController.swift */ = {isa = PBXFileReference; lastKnownFileType = sourcecode.swift; path = GuideListViewController.swift; sourceTree = "<group>"; };
		84AD3E002A9DDCFC0043ED08 /* Base */ = {isa = PBXFileReference; lastKnownFileType = file.storyboard; name = Base; path = Base.lproj/Main.storyboard; sourceTree = "<group>"; };
		84AD3E032A9DDCFC0043ED08 /* GuideService.xcdatamodel */ = {isa = PBXFileReference; lastKnownFileType = wrapper.xcdatamodel; path = GuideService.xcdatamodel; sourceTree = "<group>"; };
		84AD3E052A9DDCFE0043ED08 /* Assets.xcassets */ = {isa = PBXFileReference; lastKnownFileType = folder.assetcatalog; path = Assets.xcassets; sourceTree = "<group>"; };
		84AD3E082A9DDCFE0043ED08 /* Base */ = {isa = PBXFileReference; lastKnownFileType = file.storyboard; name = Base; path = Base.lproj/LaunchScreen.storyboard; sourceTree = "<group>"; };
		84AD3E0A2A9DDCFE0043ED08 /* Info.plist */ = {isa = PBXFileReference; lastKnownFileType = text.plist.xml; path = Info.plist; sourceTree = "<group>"; };
		84AD3E102A9DDE090043ED08 /* GuideDetailViewController.swift */ = {isa = PBXFileReference; lastKnownFileType = sourcecode.swift; path = GuideDetailViewController.swift; sourceTree = "<group>"; };
		84AD3E122A9DDE420043ED08 /* AppCoordinator.swift */ = {isa = PBXFileReference; lastKnownFileType = sourcecode.swift; path = AppCoordinator.swift; sourceTree = "<group>"; };
		84AD3E142A9DDE7B0043ED08 /* AppFactory.swift */ = {isa = PBXFileReference; lastKnownFileType = sourcecode.swift; path = AppFactory.swift; sourceTree = "<group>"; };
		84AD3E162A9DDEFB0043ED08 /* Module.swift */ = {isa = PBXFileReference; lastKnownFileType = sourcecode.swift; path = Module.swift; sourceTree = "<group>"; };
		84AD3E182A9DDFB80043ED08 /* GuideViewModel.swift */ = {isa = PBXFileReference; lastKnownFileType = sourcecode.swift; path = GuideViewModel.swift; sourceTree = "<group>"; };
		84AD3E1A2A9DE01B0043ED08 /* NetworkManager.swift */ = {isa = PBXFileReference; lastKnownFileType = sourcecode.swift; path = NetworkManager.swift; sourceTree = "<group>"; };
		84AD3E1C2A9DE0810043ED08 /* Coordinatable.swift */ = {isa = PBXFileReference; lastKnownFileType = sourcecode.swift; path = Coordinatable.swift; sourceTree = "<group>"; };
		84AD3E202A9DE1D00043ED08 /* GuideCoordinator.swift */ = {isa = PBXFileReference; lastKnownFileType = sourcecode.swift; path = GuideCoordinator.swift; sourceTree = "<group>"; };
		84AD3E232A9DE5F50043ED08 /* GuideListCollectionViewCell.swift */ = {isa = PBXFileReference; lastKnownFileType = sourcecode.swift; path = GuideListCollectionViewCell.swift; sourceTree = "<group>"; };
		84AD3E252A9DED6C0043ED08 /* NetworkModel.swift */ = {isa = PBXFileReference; lastKnownFileType = sourcecode.swift; path = NetworkModel.swift; sourceTree = "<group>"; };
		84AD3E282A9DF1160043ED08 /* UIimageView+Extension.swift */ = {isa = PBXFileReference; lastKnownFileType = sourcecode.swift; path = "UIimageView+Extension.swift"; sourceTree = "<group>"; };
		84AD3E2A2A9E04420043ED08 /* Errors.swift */ = {isa = PBXFileReference; lastKnownFileType = sourcecode.swift; path = Errors.swift; sourceTree = "<group>"; };
		84AD3E2D2A9E06AF0043ED08 /* UIViewController+Extension.swift */ = {isa = PBXFileReference; lastKnownFileType = sourcecode.swift; path = "UIViewController+Extension.swift"; sourceTree = "<group>"; };
/* End PBXFileReference section */

/* Begin PBXFrameworksBuildPhase section */
		84AD3DF32A9DDCFC0043ED08 /* Frameworks */ = {
			isa = PBXFrameworksBuildPhase;
			buildActionMask = 2147483647;
			files = (
			);
			runOnlyForDeploymentPostprocessing = 0;
		};
/* End PBXFrameworksBuildPhase section */

/* Begin PBXGroup section */
		84AD3DED2A9DDCFC0043ED08 = {
			isa = PBXGroup;
			children = (
				84AD3DF82A9DDCFC0043ED08 /* GuideService */,
				84AD3DF72A9DDCFC0043ED08 /* Products */,
			);
			sourceTree = "<group>";
		};
		84AD3DF72A9DDCFC0043ED08 /* Products */ = {
			isa = PBXGroup;
			children = (
				84AD3DF62A9DDCFC0043ED08 /* GuideService.app */,
			);
			name = Products;
			sourceTree = "<group>";
		};
		84AD3DF82A9DDCFC0043ED08 /* GuideService */ = {
			isa = PBXGroup;
			children = (
				84AD3DF92A9DDCFC0043ED08 /* AppDelegate.swift */,
				84AD3DFB2A9DDCFC0043ED08 /* SceneDelegate.swift */,
				84AD3E1E2A9DE0910043ED08 /* AppGroup */,
				84AD3E1F2A9DE1A10043ED08 /* GuideScreens */,
				84AD3E272A9DEE8C0043ED08 /* Network */,
				84AD3E2C2A9E06760043ED08 /* Extensions */,
				84AD3DFF2A9DDCFC0043ED08 /* Main.storyboard */,
				84AD3E052A9DDCFE0043ED08 /* Assets.xcassets */,
				84AD3E072A9DDCFE0043ED08 /* LaunchScreen.storyboard */,
				84AD3E0A2A9DDCFE0043ED08 /* Info.plist */,
				84AD3E022A9DDCFC0043ED08 /* GuideService.xcdatamodeld */,
			);
			path = GuideService;
			sourceTree = "<group>";
		};
		84AD3E1E2A9DE0910043ED08 /* AppGroup */ = {
			isa = PBXGroup;
			children = (
				84AD3E122A9DDE420043ED08 /* AppCoordinator.swift */,
				84AD3E142A9DDE7B0043ED08 /* AppFactory.swift */,
				84AD3E162A9DDEFB0043ED08 /* Module.swift */,
				84AD3E1C2A9DE0810043ED08 /* Coordinatable.swift */,
			);
			path = AppGroup;
			sourceTree = "<group>";
		};
		84AD3E1F2A9DE1A10043ED08 /* GuideScreens */ = {
			isa = PBXGroup;
			children = (
				84AD3DFD2A9DDCFC0043ED08 /* GuideListViewController.swift */,
				84AD3E232A9DE5F50043ED08 /* GuideListCollectionViewCell.swift */,
				84AD3E202A9DE1D00043ED08 /* GuideCoordinator.swift */,
				84AD3E182A9DDFB80043ED08 /* GuideViewModel.swift */,
				84AD3E222A9DE44F0043ED08 /* Detail */,
			);
			path = GuideScreens;
			sourceTree = "<group>";
		};
		84AD3E222A9DE44F0043ED08 /* Detail */ = {
			isa = PBXGroup;
			children = (
				84AD3E102A9DDE090043ED08 /* GuideDetailViewController.swift */,
			);
			path = Detail;
			sourceTree = "<group>";
		};
		84AD3E272A9DEE8C0043ED08 /* Network */ = {
			isa = PBXGroup;
			children = (
				84AD3E1A2A9DE01B0043ED08 /* NetworkManager.swift */,
				84AD3E252A9DED6C0043ED08 /* NetworkModel.swift */,
				84AD3E2A2A9E04420043ED08 /* Errors.swift */,
			);
			path = Network;
			sourceTree = "<group>";
		};
		84AD3E2C2A9E06760043ED08 /* Extensions */ = {
			isa = PBXGroup;
			children = (
				84AD3E282A9DF1160043ED08 /* UIimageView+Extension.swift */,
				84AD3E2D2A9E06AF0043ED08 /* UIViewController+Extension.swift */,
			);
			path = Extensions;
			sourceTree = "<group>";
		};
/* End PBXGroup section */

/* Begin PBXNativeTarget section */
		84AD3DF52A9DDCFC0043ED08 /* GuideService */ = {
			isa = PBXNativeTarget;
			buildConfigurationList = 84AD3E0D2A9DDCFE0043ED08 /* Build configuration list for PBXNativeTarget "GuideService" */;
			buildPhases = (
				84AD3DF22A9DDCFC0043ED08 /* Sources */,
				84AD3DF32A9DDCFC0043ED08 /* Frameworks */,
				84AD3DF42A9DDCFC0043ED08 /* Resources */,
			);
			buildRules = (
			);
			dependencies = (
			);
			name = GuideService;
			productName = GuideService;
			productReference = 84AD3DF62A9DDCFC0043ED08 /* GuideService.app */;
			productType = "com.apple.product-type.application";
		};
/* End PBXNativeTarget section */

/* Begin PBXProject section */
		84AD3DEE2A9DDCFC0043ED08 /* Project object */ = {
			isa = PBXProject;
			attributes = {
				BuildIndependentTargetsInParallel = 1;
				LastSwiftUpdateCheck = 1430;
				LastUpgradeCheck = 1430;
				TargetAttributes = {
					84AD3DF52A9DDCFC0043ED08 = {
						CreatedOnToolsVersion = 14.3;
					};
				};
			};
			buildConfigurationList = 84AD3DF12A9DDCFC0043ED08 /* Build configuration list for PBXProject "GuideService" */;
			compatibilityVersion = "Xcode 14.0";
			developmentRegion = en;
			hasScannedForEncodings = 0;
			knownRegions = (
				en,
				Base,
			);
			mainGroup = 84AD3DED2A9DDCFC0043ED08;
			productRefGroup = 84AD3DF72A9DDCFC0043ED08 /* Products */;
			projectDirPath = "";
			projectRoot = "";
			targets = (
				84AD3DF52A9DDCFC0043ED08 /* GuideService */,
			);
		};
/* End PBXProject section */

/* Begin PBXResourcesBuildPhase section */
		84AD3DF42A9DDCFC0043ED08 /* Resources */ = {
			isa = PBXResourcesBuildPhase;
			buildActionMask = 2147483647;
			files = (
				84AD3E092A9DDCFE0043ED08 /* LaunchScreen.storyboard in Resources */,
				84AD3E062A9DDCFE0043ED08 /* Assets.xcassets in Resources */,
				84AD3E012A9DDCFC0043ED08 /* Main.storyboard in Resources */,
			);
			runOnlyForDeploymentPostprocessing = 0;
		};
/* End PBXResourcesBuildPhase section */

/* Begin PBXSourcesBuildPhase section */
		84AD3DF22A9DDCFC0043ED08 /* Sources */ = {
			isa = PBXSourcesBuildPhase;
			buildActionMask = 2147483647;
			files = (
				84AD3E132A9DDE420043ED08 /* AppCoordinator.swift in Sources */,
				84AD3E042A9DDCFC0043ED08 /* GuideService.xcdatamodeld in Sources */,
				84AD3E1B2A9DE01B0043ED08 /* NetworkManager.swift in Sources */,
				84AD3E212A9DE1D00043ED08 /* GuideCoordinator.swift in Sources */,
				84AD3E2E2A9E06AF0043ED08 /* UIViewController+Extension.swift in Sources */,
				84AD3E2B2A9E04420043ED08 /* Errors.swift in Sources */,
				84AD3E192A9DDFB80043ED08 /* GuideViewModel.swift in Sources */,
				84AD3DFE2A9DDCFC0043ED08 /* GuideListViewController.swift in Sources */,
				84AD3E112A9DDE090043ED08 /* GuideDetailViewController.swift in Sources */,
				84AD3E242A9DE5F50043ED08 /* GuideListCollectionViewCell.swift in Sources */,
				84AD3E1D2A9DE0810043ED08 /* Coordinatable.swift in Sources */,
				84AD3DFA2A9DDCFC0043ED08 /* AppDelegate.swift in Sources */,
				84AD3E292A9DF1160043ED08 /* UIimageView+Extension.swift in Sources */,
				84AD3E172A9DDEFB0043ED08 /* Module.swift in Sources */,
				84AD3E152A9DDE7B0043ED08 /* AppFactory.swift in Sources */,
				84AD3E262A9DED6C0043ED08 /* NetworkModel.swift in Sources */,
				84AD3DFC2A9DDCFC0043ED08 /* SceneDelegate.swift in Sources */,
			);
			runOnlyForDeploymentPostprocessing = 0;
		};
/* End PBXSourcesBuildPhase section */

/* Begin PBXVariantGroup section */
		84AD3DFF2A9DDCFC0043ED08 /* Main.storyboard */ = {
			isa = PBXVariantGroup;
			children = (
				84AD3E002A9DDCFC0043ED08 /* Base */,
			);
			name = Main.storyboard;
			sourceTree = "<group>";
		};
		84AD3E072A9DDCFE0043ED08 /* LaunchScreen.storyboard */ = {
			isa = PBXVariantGroup;
			children = (
				84AD3E082A9DDCFE0043ED08 /* Base */,
			);
			name = LaunchScreen.storyboard;
			sourceTree = "<group>";
		};
/* End PBXVariantGroup section */

/* Begin XCBuildConfiguration section */
		84AD3E0B2A9DDCFE0043ED08 /* Debug */ = {
			isa = XCBuildConfiguration;
			buildSettings = {
				ALWAYS_SEARCH_USER_PATHS = NO;
				CLANG_ANALYZER_NONNULL = YES;
				CLANG_ANALYZER_NUMBER_OBJECT_CONVERSION = YES_AGGRESSIVE;
				CLANG_CXX_LANGUAGE_STANDARD = "gnu++20";
				CLANG_ENABLE_MODULES = YES;
				CLANG_ENABLE_OBJC_ARC = YES;
				CLANG_ENABLE_OBJC_WEAK = YES;
				CLANG_WARN_BLOCK_CAPTURE_AUTORELEASING = YES;
				CLANG_WARN_BOOL_CONVERSION = YES;
				CLANG_WARN_COMMA = YES;
				CLANG_WARN_CONSTANT_CONVERSION = YES;
				CLANG_WARN_DEPRECATED_OBJC_IMPLEMENTATIONS = YES;
				CLANG_WARN_DIRECT_OBJC_ISA_USAGE = YES_ERROR;
				CLANG_WARN_DOCUMENTATION_COMMENTS = YES;
				CLANG_WARN_EMPTY_BODY = YES;
				CLANG_WARN_ENUM_CONVERSION = YES;
				CLANG_WARN_INFINITE_RECURSION = YES;
				CLANG_WARN_INT_CONVERSION = YES;
				CLANG_WARN_NON_LITERAL_NULL_CONVERSION = YES;
				CLANG_WARN_OBJC_IMPLICIT_RETAIN_SELF = YES;
				CLANG_WARN_OBJC_LITERAL_CONVERSION = YES;
				CLANG_WARN_OBJC_ROOT_CLASS = YES_ERROR;
				CLANG_WARN_QUOTED_INCLUDE_IN_FRAMEWORK_HEADER = YES;
				CLANG_WARN_RANGE_LOOP_ANALYSIS = YES;
				CLANG_WARN_STRICT_PROTOTYPES = YES;
				CLANG_WARN_SUSPICIOUS_MOVE = YES;
				CLANG_WARN_UNGUARDED_AVAILABILITY = YES_AGGRESSIVE;
				CLANG_WARN_UNREACHABLE_CODE = YES;
				CLANG_WARN__DUPLICATE_METHOD_MATCH = YES;
				COPY_PHASE_STRIP = NO;
				DEBUG_INFORMATION_FORMAT = dwarf;
				ENABLE_STRICT_OBJC_MSGSEND = YES;
				ENABLE_TESTABILITY = YES;
				GCC_C_LANGUAGE_STANDARD = gnu11;
				GCC_DYNAMIC_NO_PIC = NO;
				GCC_NO_COMMON_BLOCKS = YES;
				GCC_OPTIMIZATION_LEVEL = 0;
				GCC_PREPROCESSOR_DEFINITIONS = (
					"DEBUG=1",
					"$(inherited)",
				);
				GCC_WARN_64_TO_32_BIT_CONVERSION = YES;
				GCC_WARN_ABOUT_RETURN_TYPE = YES_ERROR;
				GCC_WARN_UNDECLARED_SELECTOR = YES;
				GCC_WARN_UNINITIALIZED_AUTOS = YES_AGGRESSIVE;
				GCC_WARN_UNUSED_FUNCTION = YES;
				GCC_WARN_UNUSED_VARIABLE = YES;
				IPHONEOS_DEPLOYMENT_TARGET = 16.4;
				MTL_ENABLE_DEBUG_INFO = INCLUDE_SOURCE;
				MTL_FAST_MATH = YES;
				ONLY_ACTIVE_ARCH = YES;
				SDKROOT = iphoneos;
				SWIFT_ACTIVE_COMPILATION_CONDITIONS = DEBUG;
				SWIFT_OPTIMIZATION_LEVEL = "-Onone";
			};
			name = Debug;
		};
		84AD3E0C2A9DDCFE0043ED08 /* Release */ = {
			isa = XCBuildConfiguration;
			buildSettings = {
				ALWAYS_SEARCH_USER_PATHS = NO;
				CLANG_ANALYZER_NONNULL = YES;
				CLANG_ANALYZER_NUMBER_OBJECT_CONVERSION = YES_AGGRESSIVE;
				CLANG_CXX_LANGUAGE_STANDARD = "gnu++20";
				CLANG_ENABLE_MODULES = YES;
				CLANG_ENABLE_OBJC_ARC = YES;
				CLANG_ENABLE_OBJC_WEAK = YES;
				CLANG_WARN_BLOCK_CAPTURE_AUTORELEASING = YES;
				CLANG_WARN_BOOL_CONVERSION = YES;
				CLANG_WARN_COMMA = YES;
				CLANG_WARN_CONSTANT_CONVERSION = YES;
				CLANG_WARN_DEPRECATED_OBJC_IMPLEMENTATIONS = YES;
				CLANG_WARN_DIRECT_OBJC_ISA_USAGE = YES_ERROR;
				CLANG_WARN_DOCUMENTATION_COMMENTS = YES;
				CLANG_WARN_EMPTY_BODY = YES;
				CLANG_WARN_ENUM_CONVERSION = YES;
				CLANG_WARN_INFINITE_RECURSION = YES;
				CLANG_WARN_INT_CONVERSION = YES;
				CLANG_WARN_NON_LITERAL_NULL_CONVERSION = YES;
				CLANG_WARN_OBJC_IMPLICIT_RETAIN_SELF = YES;
				CLANG_WARN_OBJC_LITERAL_CONVERSION = YES;
				CLANG_WARN_OBJC_ROOT_CLASS = YES_ERROR;
				CLANG_WARN_QUOTED_INCLUDE_IN_FRAMEWORK_HEADER = YES;
				CLANG_WARN_RANGE_LOOP_ANALYSIS = YES;
				CLANG_WARN_STRICT_PROTOTYPES = YES;
				CLANG_WARN_SUSPICIOUS_MOVE = YES;
				CLANG_WARN_UNGUARDED_AVAILABILITY = YES_AGGRESSIVE;
				CLANG_WARN_UNREACHABLE_CODE = YES;
				CLANG_WARN__DUPLICATE_METHOD_MATCH = YES;
				COPY_PHASE_STRIP = NO;
				DEBUG_INFORMATION_FORMAT = "dwarf-with-dsym";
				ENABLE_NS_ASSERTIONS = NO;
				ENABLE_STRICT_OBJC_MSGSEND = YES;
				GCC_C_LANGUAGE_STANDARD = gnu11;
				GCC_NO_COMMON_BLOCKS = YES;
				GCC_WARN_64_TO_32_BIT_CONVERSION = YES;
				GCC_WARN_ABOUT_RETURN_TYPE = YES_ERROR;
				GCC_WARN_UNDECLARED_SELECTOR = YES;
				GCC_WARN_UNINITIALIZED_AUTOS = YES_AGGRESSIVE;
				GCC_WARN_UNUSED_FUNCTION = YES;
				GCC_WARN_UNUSED_VARIABLE = YES;
				IPHONEOS_DEPLOYMENT_TARGET = 16.4;
				MTL_ENABLE_DEBUG_INFO = NO;
				MTL_FAST_MATH = YES;
				SDKROOT = iphoneos;
				SWIFT_COMPILATION_MODE = wholemodule;
				SWIFT_OPTIMIZATION_LEVEL = "-O";
				VALIDATE_PRODUCT = YES;
			};
			name = Release;
		};
		84AD3E0E2A9DDCFE0043ED08 /* Debug */ = {
			isa = XCBuildConfiguration;
			buildSettings = {
				ASSETCATALOG_COMPILER_APPICON_NAME = AppIcon;
				ASSETCATALOG_COMPILER_GLOBAL_ACCENT_COLOR_NAME = AccentColor;
				CODE_SIGN_STYLE = Automatic;
				CURRENT_PROJECT_VERSION = 1;
				DEVELOPMENT_TEAM = JZPU7337NX;
				GENERATE_INFOPLIST_FILE = YES;
				INFOPLIST_FILE = GuideService/Info.plist;
				INFOPLIST_KEY_UIApplicationSupportsIndirectInputEvents = YES;
				INFOPLIST_KEY_UILaunchStoryboardName = LaunchScreen;
				INFOPLIST_KEY_UISupportedInterfaceOrientations_iPad = "UIInterfaceOrientationPortrait UIInterfaceOrientationPortraitUpsideDown UIInterfaceOrientationLandscapeLeft UIInterfaceOrientationLandscapeRight";
				INFOPLIST_KEY_UISupportedInterfaceOrientations_iPhone = "UIInterfaceOrientationPortrait UIInterfaceOrientationLandscapeLeft UIInterfaceOrientationLandscapeRight";
				LD_RUNPATH_SEARCH_PATHS = (
					"$(inherited)",
					"@executable_path/Frameworks",
				);
				MARKETING_VERSION = 1.0;
				PRODUCT_BUNDLE_IDENTIFIER = romanvronsky.GuideService;
				PRODUCT_NAME = "$(TARGET_NAME)";
				SWIFT_EMIT_LOC_STRINGS = YES;
				SWIFT_VERSION = 5.0;
				TARGETED_DEVICE_FAMILY = "1,2";
			};
			name = Debug;
		};
		84AD3E0F2A9DDCFE0043ED08 /* Release */ = {
			isa = XCBuildConfiguration;
			buildSettings = {
				ASSETCATALOG_COMPILER_APPICON_NAME = AppIcon;
				ASSETCATALOG_COMPILER_GLOBAL_ACCENT_COLOR_NAME = AccentColor;
				CODE_SIGN_STYLE = Automatic;
				CURRENT_PROJECT_VERSION = 1;
				DEVELOPMENT_TEAM = JZPU7337NX;
				GENERATE_INFOPLIST_FILE = YES;
				INFOPLIST_FILE = GuideService/Info.plist;
				INFOPLIST_KEY_UIApplicationSupportsIndirectInputEvents = YES;
				INFOPLIST_KEY_UILaunchStoryboardName = LaunchScreen;
				INFOPLIST_KEY_UISupportedInterfaceOrientations_iPad = "UIInterfaceOrientationPortrait UIInterfaceOrientationPortraitUpsideDown UIInterfaceOrientationLandscapeLeft UIInterfaceOrientationLandscapeRight";
				INFOPLIST_KEY_UISupportedInterfaceOrientations_iPhone = "UIInterfaceOrientationPortrait UIInterfaceOrientationLandscapeLeft UIInterfaceOrientationLandscapeRight";
				LD_RUNPATH_SEARCH_PATHS = (
					"$(inherited)",
					"@executable_path/Frameworks",
				);
				MARKETING_VERSION = 1.0;
				PRODUCT_BUNDLE_IDENTIFIER = romanvronsky.GuideService;
				PRODUCT_NAME = "$(TARGET_NAME)";
				SWIFT_EMIT_LOC_STRINGS = YES;
				SWIFT_VERSION = 5.0;
				TARGETED_DEVICE_FAMILY = "1,2";
			};
			name = Release;
		};
/* End XCBuildConfiguration section */

/* Begin XCConfigurationList section */
		84AD3DF12A9DDCFC0043ED08 /* Build configuration list for PBXProject "GuideService" */ = {
			isa = XCConfigurationList;
			buildConfigurations = (
				84AD3E0B2A9DDCFE0043ED08 /* Debug */,
				84AD3E0C2A9DDCFE0043ED08 /* Release */,
			);
			defaultConfigurationIsVisible = 0;
			defaultConfigurationName = Release;
		};
		84AD3E0D2A9DDCFE0043ED08 /* Build configuration list for PBXNativeTarget "GuideService" */ = {
			isa = XCConfigurationList;
			buildConfigurations = (
				84AD3E0E2A9DDCFE0043ED08 /* Debug */,
				84AD3E0F2A9DDCFE0043ED08 /* Release */,
			);
			defaultConfigurationIsVisible = 0;
			defaultConfigurationName = Release;
		};
/* End XCConfigurationList section */

/* Begin XCVersionGroup section */
		84AD3E022A9DDCFC0043ED08 /* GuideService.xcdatamodeld */ = {
			isa = XCVersionGroup;
			children = (
				84AD3E032A9DDCFC0043ED08 /* GuideService.xcdatamodel */,
			);
			currentVersion = 84AD3E032A9DDCFC0043ED08 /* GuideService.xcdatamodel */;
			path = GuideService.xcdatamodeld;
			sourceTree = "<group>";
			versionGroupType = wrapper.xcdatamodel;
		};
/* End XCVersionGroup section */
	};
	rootObject = 84AD3DEE2A9DDCFC0043ED08 /* Project object */;
}
